
Microsoft Visual Studio Solution File, Format Version 12.00
# Visual Studio 15
VisualStudioVersion = 15.0.27130.2024
MinimumVisualStudioVersion = 10.0.40219.1
Project("{8BC9CEB8-8B4A-11D0-8D11-00A0C91BC942}") = "vibe_test", "vibe_test\vibe_test.vcxproj", "{B9218B93-3F0B-4CA1-8099-3C83C8B84465}"
EndProject
Global
	GlobalSection(SolutionConfigurationPlatforms) = preSolution
		Debug|x64 = Debug|x64
		Debug|x86 = Debug|x86
		Release|x64 = Release|x64
		Release|x86 = Release|x86
	EndGlobalSection
	GlobalSection(ProjectConfigurationPlatforms) = postSolution
		{B9218B93-3F0B-4CA1-8099-3C83C8B84465}.Debug|x64.ActiveCfg = Debug|x64
		{B9218B93-3F0B-4CA1-8099-3C83C8B84465}.Debug|x64.Build.0 = Debug|x64
		{B9218B93-3F0B-4CA1-8099-3C83C8B84465}.Debug|x86.ActiveCfg = Debug|Win32
		{B9218B93-3F0B-4CA1-8099-3C83C8B84465}.Debug|x86.Build.0 = Debug|Win32
		{B9218B93-3F0B-4CA1-8099-3C83C8B84465}.Release|x64.ActiveCfg = Release|x64
		{B9218B93-3F0B-4CA1-8099-3C83C8B84465}.Release|x64.Build.0 = Release|x64
		{B9218B93-3F0B-4CA1-8099-3C83C8B84465}.Release|x86.ActiveCfg = Release|Win32
		{B9218B93-3F0B-4CA1-8099-3C83C8B84465}.Release|x86.Build.0 = Release|Win32
	EndGlobalSection
	GlobalSection(SolutionProperties) = preSolution
		HideSolutionNode = FALSE
	EndGlobalSection
	GlobalSection(ExtensibilityGlobals) = postSolution
		SolutionGuid = {33B5D23A-0C28-4BC7-BDEB-425D61052AC0}
	EndGlobalSection
EndGlobal
